# This file is automatically @generated by Poetry 1.6.1 and should not be changed by hand.

[[package]]
name = "anyio"
version = "4.0.0"
description = "High level compatibility layer for multiple asynchronous event loop implementations"
optional = false
python-versions = ">=3.8"
files = [
    {file = "anyio-4.0.0-py3-none-any.whl", hash = "sha256:cfdb2b588b9fc25ede96d8db56ed50848b0b649dca3dd1df0b11f683bb9e0b5f"},
    {file = "anyio-4.0.0.tar.gz", hash = "sha256:f7ed51751b2c2add651e5747c891b47e26d2a21be5d32d9311dfe9692f3e5d7a"},
]

[package.dependencies]
exceptiongroup = {version = ">=1.0.2", markers = "python_version < \"3.11\""}
idna = ">=2.8"
sniffio = ">=1.1"

[package.extras]
doc = ["Sphinx (>=7)", "packaging", "sphinx-autodoc-typehints (>=1.2.0)"]
test = ["anyio[trio]", "coverage[toml] (>=7)", "hypothesis (>=4.0)", "psutil (>=5.9)", "pytest (>=7.0)", "pytest-mock (>=3.6.1)", "trustme", "uvloop (>=0.17)"]
trio = ["trio (>=0.22)"]

[[package]]
name = "asgiref"
version = "3.7.2"
description = "ASGI specs, helper code, and adapters"
optional = false
python-versions = ">=3.7"
files = [
    {file = "asgiref-3.7.2-py3-none-any.whl", hash = "sha256:89b2ef2247e3b562a16eef663bc0e2e703ec6468e2fa8a5cd61cd449786d4f6e"},
    {file = "asgiref-3.7.2.tar.gz", hash = "sha256:9e0ce3aa93a819ba5b45120216b23878cf6e8525eb3848653452b4192b92afed"},
]

[package.dependencies]
typing-extensions = {version = ">=4", markers = "python_version < \"3.11\""}

[package.extras]
tests = ["mypy (>=0.800)", "pytest", "pytest-asyncio"]

[[package]]
name = "black"
version = "23.10.1"
description = "The uncompromising code formatter."
optional = false
python-versions = ">=3.8"
files = [
    {file = "black-23.10.1-cp310-cp310-macosx_10_16_arm64.whl", hash = "sha256:ec3f8e6234c4e46ff9e16d9ae96f4ef69fa328bb4ad08198c8cee45bb1f08c69"},
    {file = "black-23.10.1-cp310-cp310-macosx_10_16_x86_64.whl", hash = "sha256:1b917a2aa020ca600483a7b340c165970b26e9029067f019e3755b56e8dd5916"},
    {file = "black-23.10.1-cp310-cp310-manylinux_2_17_x86_64.manylinux2014_x86_64.whl", hash = "sha256:9c74de4c77b849e6359c6f01987e94873c707098322b91490d24296f66d067dc"},
    {file = "black-23.10.1-cp310-cp310-win_amd64.whl", hash = "sha256:7b4d10b0f016616a0d93d24a448100adf1699712fb7a4efd0e2c32bbb219b173"},
    {file = "black-23.10.1-cp311-cp311-macosx_10_16_arm64.whl", hash = "sha256:b15b75fc53a2fbcac8a87d3e20f69874d161beef13954747e053bca7a1ce53a0"},
    {file = "black-23.10.1-cp311-cp311-macosx_10_16_x86_64.whl", hash = "sha256:e293e4c2f4a992b980032bbd62df07c1bcff82d6964d6c9496f2cd726e246ace"},
    {file = "black-23.10.1-cp311-cp311-manylinux_2_17_x86_64.manylinux2014_x86_64.whl", hash = "sha256:7d56124b7a61d092cb52cce34182a5280e160e6aff3137172a68c2c2c4b76bcb"},
    {file = "black-23.10.1-cp311-cp311-win_amd64.whl", hash = "sha256:3f157a8945a7b2d424da3335f7ace89c14a3b0625e6593d21139c2d8214d55ce"},
    {file = "black-23.10.1-cp38-cp38-macosx_10_16_arm64.whl", hash = "sha256:cfcce6f0a384d0da692119f2d72d79ed07c7159879d0bb1bb32d2e443382bf3a"},
    {file = "black-23.10.1-cp38-cp38-macosx_10_16_x86_64.whl", hash = "sha256:33d40f5b06be80c1bbce17b173cda17994fbad096ce60eb22054da021bf933d1"},
    {file = "black-23.10.1-cp38-cp38-manylinux_2_17_x86_64.manylinux2014_x86_64.whl", hash = "sha256:840015166dbdfbc47992871325799fd2dc0dcf9395e401ada6d88fe11498abad"},
    {file = "black-23.10.1-cp38-cp38-win_amd64.whl", hash = "sha256:037e9b4664cafda5f025a1728c50a9e9aedb99a759c89f760bd83730e76ba884"},
    {file = "black-23.10.1-cp39-cp39-macosx_10_16_arm64.whl", hash = "sha256:7cb5936e686e782fddb1c73f8aa6f459e1ad38a6a7b0e54b403f1f05a1507ee9"},
    {file = "black-23.10.1-cp39-cp39-macosx_10_16_x86_64.whl", hash = "sha256:7670242e90dc129c539e9ca17665e39a146a761e681805c54fbd86015c7c84f7"},
    {file = "black-23.10.1-cp39-cp39-manylinux_2_17_x86_64.manylinux2014_x86_64.whl", hash = "sha256:5ed45ac9a613fb52dad3b61c8dea2ec9510bf3108d4db88422bacc7d1ba1243d"},
    {file = "black-23.10.1-cp39-cp39-win_amd64.whl", hash = "sha256:6d23d7822140e3fef190734216cefb262521789367fbdc0b3f22af6744058982"},
    {file = "black-23.10.1-py3-none-any.whl", hash = "sha256:d431e6739f727bb2e0495df64a6c7a5310758e87505f5f8cde9ff6c0f2d7e4fe"},
    {file = "black-23.10.1.tar.gz", hash = "sha256:1f8ce316753428ff68749c65a5f7844631aa18c8679dfd3ca9dc1a289979c258"},
]

[package.dependencies]
click = ">=8.0.0"
mypy-extensions = ">=0.4.3"
packaging = ">=22.0"
pathspec = ">=0.9.0"
platformdirs = ">=2"
tomli = {version = ">=1.1.0", markers = "python_version < \"3.11\""}
typing-extensions = {version = ">=4.0.1", markers = "python_version < \"3.11\""}

[package.extras]
colorama = ["colorama (>=0.4.3)"]
d = ["aiohttp (>=3.7.4)"]
jupyter = ["ipython (>=7.8.0)", "tokenize-rt (>=3.2.0)"]
uvloop = ["uvloop (>=0.15.2)"]

[[package]]
name = "certifi"
version = "2023.7.22"
description = "Python package for providing Mozilla's CA Bundle."
optional = false
python-versions = ">=3.6"
files = [
    {file = "certifi-2023.7.22-py3-none-any.whl", hash = "sha256:92d6037539857d8206b8f6ae472e8b77db8058fec5937a1ef3f54304089edbb9"},
    {file = "certifi-2023.7.22.tar.gz", hash = "sha256:539cc1d13202e33ca466e88b2807e29f4c13049d6d87031a3c110744495cb082"},
]

[[package]]
name = "click"
version = "8.1.7"
description = "Composable command line interface toolkit"
optional = false
python-versions = ">=3.7"
files = [
    {file = "click-8.1.7-py3-none-any.whl", hash = "sha256:ae74fb96c20a0277a1d615f1e4d73c8414f5a98db8b799a7931d1582f3390c28"},
    {file = "click-8.1.7.tar.gz", hash = "sha256:ca9853ad459e787e2192211578cc907e7594e294c7ccc834310722b41b9ca6de"},
]

[package.dependencies]
colorama = {version = "*", markers = "platform_system == \"Windows\""}

[[package]]
name = "colorama"
version = "0.4.6"
description = "Cross-platform colored terminal text."
optional = false
python-versions = "!=3.0.*,!=3.1.*,!=3.2.*,!=3.3.*,!=3.4.*,!=3.5.*,!=3.6.*,>=2.7"
files = [
    {file = "colorama-0.4.6-py2.py3-none-any.whl", hash = "sha256:4f1d9991f5acc0ca119f9d443620b77f9d6b33703e51011c16baf57afb285fc6"},
    {file = "colorama-0.4.6.tar.gz", hash = "sha256:08695f5cb7ed6e0531a20572697297273c47b8cae5a63ffc6d6ed5c201be6e44"},
]

[[package]]
name = "exceptiongroup"
version = "1.1.3"
description = "Backport of PEP 654 (exception groups)"
optional = false
python-versions = ">=3.7"
files = [
    {file = "exceptiongroup-1.1.3-py3-none-any.whl", hash = "sha256:343280667a4585d195ca1cf9cef84a4e178c4b6cf2274caef9859782b567d5e3"},
    {file = "exceptiongroup-1.1.3.tar.gz", hash = "sha256:097acd85d473d75af5bb98e41b61ff7fe35efe6675e4f9370ec6ec5126d160e9"},
]

[package.extras]
test = ["pytest (>=6)"]

[[package]]
name = "h11"
version = "0.14.0"
description = "A pure-Python, bring-your-own-I/O implementation of HTTP/1.1"
optional = false
python-versions = ">=3.7"
files = [
    {file = "h11-0.14.0-py3-none-any.whl", hash = "sha256:e3fe4ac4b851c468cc8363d500db52c2ead036020723024a109d37346efaa761"},
    {file = "h11-0.14.0.tar.gz", hash = "sha256:8f19fbbe99e72420ff35c00b27a34cb9937e902a8b810e2c88300c6f0a3b699d"},
]

[[package]]
name = "httpcore"
version = "0.18.0"
description = "A minimal low-level HTTP client."
optional = false
python-versions = ">=3.8"
files = [
    {file = "httpcore-0.18.0-py3-none-any.whl", hash = "sha256:adc5398ee0a476567bf87467063ee63584a8bce86078bf748e48754f60202ced"},
    {file = "httpcore-0.18.0.tar.gz", hash = "sha256:13b5e5cd1dca1a6636a6aaea212b19f4f85cd88c366a2b82304181b769aab3c9"},
]

[package.dependencies]
anyio = ">=3.0,<5.0"
certifi = "*"
h11 = ">=0.13,<0.15"
sniffio = "==1.*"

[package.extras]
http2 = ["h2 (>=3,<5)"]
socks = ["socksio (==1.*)"]

[[package]]
name = "httptools"
version = "0.6.0"
description = "A collection of framework independent HTTP protocol utils."
optional = false
python-versions = ">=3.5.0"
files = [
    {file = "httptools-0.6.0-cp310-cp310-macosx_10_9_universal2.whl", hash = "sha256:818325afee467d483bfab1647a72054246d29f9053fd17cc4b86cda09cc60339"},
    {file = "httptools-0.6.0-cp310-cp310-macosx_10_9_x86_64.whl", hash = "sha256:72205730bf1be875003692ca54a4a7c35fac77b4746008966061d9d41a61b0f5"},
    {file = "httptools-0.6.0-cp310-cp310-manylinux_2_17_aarch64.manylinux2014_aarch64.whl", hash = "sha256:33eb1d4e609c835966e969a31b1dedf5ba16b38cab356c2ce4f3e33ffa94cad3"},
    {file = "httptools-0.6.0-cp310-cp310-manylinux_2_5_x86_64.manylinux1_x86_64.manylinux_2_17_x86_64.manylinux2014_x86_64.whl", hash = "sha256:6bdc6675ec6cb79d27e0575750ac6e2b47032742e24eed011b8db73f2da9ed40"},
    {file = "httptools-0.6.0-cp310-cp310-musllinux_1_1_aarch64.whl", hash = "sha256:463c3bc5ef64b9cf091be9ac0e0556199503f6e80456b790a917774a616aff6e"},
    {file = "httptools-0.6.0-cp310-cp310-musllinux_1_1_x86_64.whl", hash = "sha256:82f228b88b0e8c6099a9c4757ce9fdbb8b45548074f8d0b1f0fc071e35655d1c"},
    {file = "httptools-0.6.0-cp310-cp310-win_amd64.whl", hash = "sha256:0781fedc610293a2716bc7fa142d4c85e6776bc59d617a807ff91246a95dea35"},
    {file = "httptools-0.6.0-cp311-cp311-macosx_10_9_universal2.whl", hash = "sha256:721e503245d591527cddd0f6fd771d156c509e831caa7a57929b55ac91ee2b51"},
    {file = "httptools-0.6.0-cp311-cp311-macosx_10_9_x86_64.whl", hash = "sha256:274bf20eeb41b0956e34f6a81f84d26ed57c84dd9253f13dcb7174b27ccd8aaf"},
    {file = "httptools-0.6.0-cp311-cp311-manylinux_2_17_aarch64.manylinux2014_aarch64.whl", hash = "sha256:259920bbae18740a40236807915def554132ad70af5067e562f4660b62c59b90"},
    {file = "httptools-0.6.0-cp311-cp311-manylinux_2_5_x86_64.manylinux1_x86_64.manylinux_2_17_x86_64.manylinux2014_x86_64.whl", hash = "sha256:03bfd2ae8a2d532952ac54445a2fb2504c804135ed28b53fefaf03d3a93eb1fd"},
    {file = "httptools-0.6.0-cp311-cp311-musllinux_1_1_aarch64.whl", hash = "sha256:f959e4770b3fc8ee4dbc3578fd910fab9003e093f20ac8c621452c4d62e517cb"},
    {file = "httptools-0.6.0-cp311-cp311-musllinux_1_1_x86_64.whl", hash = "sha256:6e22896b42b95b3237eccc42278cd72c0df6f23247d886b7ded3163452481e38"},
    {file = "httptools-0.6.0-cp311-cp311-win_amd64.whl", hash = "sha256:38f3cafedd6aa20ae05f81f2e616ea6f92116c8a0f8dcb79dc798df3356836e2"},
    {file = "httptools-0.6.0-cp37-cp37m-macosx_10_9_x86_64.whl", hash = "sha256:47043a6e0ea753f006a9d0dd076a8f8c99bc0ecae86a0888448eb3076c43d717"},
    {file = "httptools-0.6.0-cp37-cp37m-manylinux_2_17_aarch64.manylinux2014_aarch64.whl", hash = "sha256:35a541579bed0270d1ac10245a3e71e5beeb1903b5fbbc8d8b4d4e728d48ff1d"},
    {file = "httptools-0.6.0-cp37-cp37m-manylinux_2_5_x86_64.manylinux1_x86_64.manylinux_2_17_x86_64.manylinux2014_x86_64.whl", hash = "sha256:65d802e7b2538a9756df5acc062300c160907b02e15ed15ba035b02bce43e89c"},
    {file = "httptools-0.6.0-cp37-cp37m-musllinux_1_1_aarch64.whl", hash = "sha256:26326e0a8fe56829f3af483200d914a7cd16d8d398d14e36888b56de30bec81a"},
    {file = "httptools-0.6.0-cp37-cp37m-musllinux_1_1_x86_64.whl", hash = "sha256:e41ccac9e77cd045f3e4ee0fc62cbf3d54d7d4b375431eb855561f26ee7a9ec4"},
    {file = "httptools-0.6.0-cp37-cp37m-win_amd64.whl", hash = "sha256:4e748fc0d5c4a629988ef50ac1aef99dfb5e8996583a73a717fc2cac4ab89932"},
    {file = "httptools-0.6.0-cp38-cp38-macosx_10_9_universal2.whl", hash = "sha256:cf8169e839a0d740f3d3c9c4fa630ac1a5aaf81641a34575ca6773ed7ce041a1"},
    {file = "httptools-0.6.0-cp38-cp38-macosx_10_9_x86_64.whl", hash = "sha256:5dcc14c090ab57b35908d4a4585ec5c0715439df07be2913405991dbb37e049d"},
    {file = "httptools-0.6.0-cp38-cp38-manylinux_2_17_aarch64.manylinux2014_aarch64.whl", hash = "sha256:0d0b0571806a5168013b8c3d180d9f9d6997365a4212cb18ea20df18b938aa0b"},
    {file = "httptools-0.6.0-cp38-cp38-manylinux_2_5_x86_64.manylinux1_x86_64.manylinux_2_17_x86_64.manylinux2014_x86_64.whl", hash = "sha256:0fb4a608c631f7dcbdf986f40af7a030521a10ba6bc3d36b28c1dc9e9035a3c0"},
    {file = "httptools-0.6.0-cp38-cp38-musllinux_1_1_aarch64.whl", hash = "sha256:93f89975465133619aea8b1952bc6fa0e6bad22a447c6d982fc338fbb4c89649"},
    {file = "httptools-0.6.0-cp38-cp38-musllinux_1_1_x86_64.whl", hash = "sha256:73e9d66a5a28b2d5d9fbd9e197a31edd02be310186db423b28e6052472dc8201"},
    {file = "httptools-0.6.0-cp38-cp38-win_amd64.whl", hash = "sha256:22c01fcd53648162730a71c42842f73b50f989daae36534c818b3f5050b54589"},
    {file = "httptools-0.6.0-cp39-cp39-macosx_10_9_universal2.whl", hash = "sha256:3f96d2a351b5625a9fd9133c95744e8ca06f7a4f8f0b8231e4bbaae2c485046a"},
    {file = "httptools-0.6.0-cp39-cp39-macosx_10_9_x86_64.whl", hash = "sha256:72ec7c70bd9f95ef1083d14a755f321d181f046ca685b6358676737a5fecd26a"},
    {file = "httptools-0.6.0-cp39-cp39-manylinux_2_17_aarch64.manylinux2014_aarch64.whl", hash = "sha256:b703d15dbe082cc23266bf5d9448e764c7cb3fcfe7cb358d79d3fd8248673ef9"},
    {file = "httptools-0.6.0-cp39-cp39-manylinux_2_5_x86_64.manylinux1_x86_64.manylinux_2_17_x86_64.manylinux2014_x86_64.whl", hash = "sha256:82c723ed5982f8ead00f8e7605c53e55ffe47c47465d878305ebe0082b6a1755"},
    {file = "httptools-0.6.0-cp39-cp39-musllinux_1_1_aarch64.whl", hash = "sha256:b0a816bb425c116a160fbc6f34cece097fd22ece15059d68932af686520966bd"},
    {file = "httptools-0.6.0-cp39-cp39-musllinux_1_1_x86_64.whl", hash = "sha256:dea66d94e5a3f68c5e9d86e0894653b87d952e624845e0b0e3ad1c733c6cc75d"},
    {file = "httptools-0.6.0-cp39-cp39-win_amd64.whl", hash = "sha256:23b09537086a5a611fad5696fc8963d67c7e7f98cb329d38ee114d588b0b74cd"},
    {file = "httptools-0.6.0.tar.gz", hash = "sha256:9fc6e409ad38cbd68b177cd5158fc4042c796b82ca88d99ec78f07bed6c6b796"},
]

[package.extras]
test = ["Cython (>=0.29.24,<0.30.0)"]

[[package]]
name = "httpx"
version = "0.25.0"
description = "The next generation HTTP client."
optional = false
python-versions = ">=3.8"
files = [
    {file = "httpx-0.25.0-py3-none-any.whl", hash = "sha256:181ea7f8ba3a82578be86ef4171554dd45fec26a02556a744db029a0a27b7100"},
    {file = "httpx-0.25.0.tar.gz", hash = "sha256:47ecda285389cb32bb2691cc6e069e3ab0205956f681c5b2ad2325719751d875"},
]

[package.dependencies]
certifi = "*"
httpcore = ">=0.18.0,<0.19.0"
idna = "*"
sniffio = "*"

[package.extras]
brotli = ["brotli", "brotlicffi"]
cli = ["click (==8.*)", "pygments (==2.*)", "rich (>=10,<14)"]
http2 = ["h2 (>=3,<5)"]
socks = ["socksio (==1.*)"]

[[package]]
name = "idna"
version = "3.4"
description = "Internationalized Domain Names in Applications (IDNA)"
optional = false
python-versions = ">=3.5"
files = [
    {file = "idna-3.4-py3-none-any.whl", hash = "sha256:90b77e79eaa3eba6de819a0c442c0b4ceefc341a7a2ab77d7562bf49f425c5c2"},
    {file = "idna-3.4.tar.gz", hash = "sha256:814f528e8dead7d329833b91c5faa87d60bf71824cd12a7530b5526063d02cb4"},
]

[[package]]
name = "iniconfig"
version = "2.0.0"
description = "brain-dead simple config-ini parsing"
optional = false
python-versions = ">=3.7"
files = [
    {file = "iniconfig-2.0.0-py3-none-any.whl", hash = "sha256:b6a85871a79d2e3b22d2d1b94ac2824226a63c6b741c88f7ae975f18b6778374"},
    {file = "iniconfig-2.0.0.tar.gz", hash = "sha256:2d91e135bf72d31a410b17c16da610a82cb55f6b0477d1a902134b24a455b8b3"},
]

[[package]]
name = "mypy-extensions"
version = "1.0.0"
description = "Type system extensions for programs checked with the mypy type checker."
optional = false
python-versions = ">=3.5"
files = [
    {file = "mypy_extensions-1.0.0-py3-none-any.whl", hash = "sha256:4392f6c0eb8a5668a69e23d168ffa70f0be9ccfd32b5cc2d26a34ae5b844552d"},
    {file = "mypy_extensions-1.0.0.tar.gz", hash = "sha256:75dbf8955dc00442a438fc4d0666508a9a97b6bd41aa2f0ffe9d2f2725af0782"},
]

[[package]]
name = "orjson"
version = "3.9.9"
description = "Fast, correct Python JSON library supporting dataclasses, datetimes, and numpy"
optional = false
python-versions = ">=3.8"
files = [
    {file = "orjson-3.9.9-cp310-cp310-macosx_10_15_x86_64.macosx_11_0_arm64.macosx_10_15_universal2.whl", hash = "sha256:f28090060a31f4d11221f9ba48b2273b0d04b702f4dcaa197c38c64ce639cc51"},
    {file = "orjson-3.9.9-cp310-cp310-manylinux_2_17_aarch64.manylinux2014_aarch64.whl", hash = "sha256:8038ba245d0c0a6337cfb6747ea0c51fe18b0cf1a4bc943d530fd66799fae33d"},
    {file = "orjson-3.9.9-cp310-cp310-manylinux_2_17_armv7l.manylinux2014_armv7l.whl", hash = "sha256:543b36df56db195739c70d645ecd43e49b44d5ead5f8f645d2782af118249b37"},
    {file = "orjson-3.9.9-cp310-cp310-manylinux_2_17_ppc64le.manylinux2014_ppc64le.whl", hash = "sha256:8e7877256b5092f1e4e48fc0f1004728dc6901e7a4ffaa4acb0a9578610aa4ce"},
    {file = "orjson-3.9.9-cp310-cp310-manylinux_2_17_s390x.manylinux2014_s390x.whl", hash = "sha256:12b83e0d8ba4ca88b894c3e00efc59fe6d53d9ffb5dbbb79d437a466fc1a513d"},
    {file = "orjson-3.9.9-cp310-cp310-manylinux_2_17_x86_64.manylinux2014_x86_64.whl", hash = "sha256:1ef06431f021453a47a9abb7f7853f04f031d31fbdfe1cc83e3c6aadde502cce"},
    {file = "orjson-3.9.9-cp310-cp310-musllinux_1_1_aarch64.whl", hash = "sha256:0a1a4d9e64597e550428ba091e51a4bcddc7a335c8f9297effbfa67078972b5c"},
    {file = "orjson-3.9.9-cp310-cp310-musllinux_1_1_x86_64.whl", hash = "sha256:879d2d1f6085c9c0831cec6716c63aaa89e41d8e036cabb19a315498c173fcc6"},
    {file = "orjson-3.9.9-cp310-none-win32.whl", hash = "sha256:d3f56e41bc79d30fdf077073072f2377d2ebf0b946b01f2009ab58b08907bc28"},
    {file = "orjson-3.9.9-cp310-none-win_amd64.whl", hash = "sha256:ab7bae2b8bf17620ed381e4101aeeb64b3ba2a45fc74c7617c633a923cb0f169"},
    {file = "orjson-3.9.9-cp311-cp311-macosx_10_15_x86_64.macosx_11_0_arm64.macosx_10_15_universal2.whl", hash = "sha256:31d676bc236f6e919d100fb85d0a99812cff1ebffaa58106eaaec9399693e227"},
    {file = "orjson-3.9.9-cp311-cp311-manylinux_2_17_aarch64.manylinux2014_aarch64.whl", hash = "sha256:678ffb5c0a6b1518b149cc328c610615d70d9297e351e12c01d0beed5d65360f"},
    {file = "orjson-3.9.9-cp311-cp311-manylinux_2_17_armv7l.manylinux2014_armv7l.whl", hash = "sha256:a71b0cc21f2c324747bc77c35161e0438e3b5e72db6d3b515310457aba743f7f"},
    {file = "orjson-3.9.9-cp311-cp311-manylinux_2_17_ppc64le.manylinux2014_ppc64le.whl", hash = "sha256:ae72621f216d1d990468291b1ec153e1b46e0ed188a86d54e0941f3dabd09ee8"},
    {file = "orjson-3.9.9-cp311-cp311-manylinux_2_17_s390x.manylinux2014_s390x.whl", hash = "sha256:512e5a41af008e76451f5a344941d61f48dddcf7d7ddd3073deb555de64596a6"},
    {file = "orjson-3.9.9-cp311-cp311-manylinux_2_17_x86_64.manylinux2014_x86_64.whl", hash = "sha256:0f89dc338a12f4357f5bf1b098d3dea6072fb0b643fd35fec556f4941b31ae27"},
    {file = "orjson-3.9.9-cp311-cp311-musllinux_1_1_aarch64.whl", hash = "sha256:957a45fb201c61b78bcf655a16afbe8a36c2c27f18a998bd6b5d8a35e358d4ad"},
    {file = "orjson-3.9.9-cp311-cp311-musllinux_1_1_x86_64.whl", hash = "sha256:d1c01cf4b8e00c7e98a0a7cf606a30a26c32adf2560be2d7d5d6766d6f474b31"},
    {file = "orjson-3.9.9-cp311-none-win32.whl", hash = "sha256:397a185e5dd7f8ebe88a063fe13e34d61d394ebb8c70a443cee7661b9c89bda7"},
    {file = "orjson-3.9.9-cp311-none-win_amd64.whl", hash = "sha256:24301f2d99d670ded4fb5e2f87643bc7428a54ba49176e38deb2887e42fe82fb"},
    {file = "orjson-3.9.9-cp312-cp312-macosx_10_15_x86_64.macosx_11_0_arm64.macosx_10_15_universal2.whl", hash = "sha256:bd55ea5cce3addc03f8fb0705be0cfed63b048acc4f20914ce5e1375b15a293b"},
    {file = "orjson-3.9.9-cp312-cp312-manylinux_2_17_aarch64.manylinux2014_aarch64.whl", hash = "sha256:b28c1a65cd13fff5958ab8b350f0921121691464a7a1752936b06ed25c0c7b6e"},
    {file = "orjson-3.9.9-cp312-cp312-manylinux_2_17_armv7l.manylinux2014_armv7l.whl", hash = "sha256:b97a67c47840467ccf116136450c50b6ed4e16a8919c81a4b4faef71e0a2b3f4"},
    {file = "orjson-3.9.9-cp312-cp312-manylinux_2_17_ppc64le.manylinux2014_ppc64le.whl", hash = "sha256:75b805549cbbcb963e9c9068f1a05abd0ea4c34edc81f8d8ef2edb7e139e5b0f"},
    {file = "orjson-3.9.9-cp312-cp312-manylinux_2_17_s390x.manylinux2014_s390x.whl", hash = "sha256:5424ecbafe57b2de30d3b5736c5d5835064d522185516a372eea069b92786ba6"},
    {file = "orjson-3.9.9-cp312-cp312-manylinux_2_17_x86_64.manylinux2014_x86_64.whl", hash = "sha256:0d2cd6ef4726ef1b8c63e30d8287225a383dbd1de3424d287b37c1906d8d2855"},
    {file = "orjson-3.9.9-cp312-cp312-musllinux_1_1_aarch64.whl", hash = "sha256:c959550e0705dc9f59de8fca1a316da0d9b115991806b217c82931ac81d75f74"},
    {file = "orjson-3.9.9-cp312-cp312-musllinux_1_1_x86_64.whl", hash = "sha256:ece2d8ed4c34903e7f1b64fb1e448a00e919a4cdb104fc713ad34b055b665fca"},
    {file = "orjson-3.9.9-cp312-none-win_amd64.whl", hash = "sha256:f708ca623287186e5876256cb30599308bce9b2757f90d917b7186de54ce6547"},
    {file = "orjson-3.9.9-cp38-cp38-macosx_10_15_x86_64.macosx_11_0_arm64.macosx_10_15_universal2.whl", hash = "sha256:335406231f9247f985df045f0c0c8f6b6d5d6b3ff17b41a57c1e8ef1a31b4d04"},
    {file = "orjson-3.9.9-cp38-cp38-manylinux_2_17_aarch64.manylinux2014_aarch64.whl", hash = "sha256:9d9b5440a5d215d9e1cfd4aee35fd4101a8b8ceb8329f549c16e3894ed9f18b5"},
    {file = "orjson-3.9.9-cp38-cp38-manylinux_2_17_armv7l.manylinux2014_armv7l.whl", hash = "sha256:e98ca450cb4fb176dd572ce28c6623de6923752c70556be4ef79764505320acb"},
    {file = "orjson-3.9.9-cp38-cp38-manylinux_2_17_ppc64le.manylinux2014_ppc64le.whl", hash = "sha256:a3bf6ca6bce22eb89dd0650ef49c77341440def966abcb7a2d01de8453df083a"},
    {file = "orjson-3.9.9-cp38-cp38-manylinux_2_17_s390x.manylinux2014_s390x.whl", hash = "sha256:eb50d869b3c97c7c5187eda3759e8eb15deb1271d694bc5d6ba7040db9e29036"},
    {file = "orjson-3.9.9-cp38-cp38-manylinux_2_17_x86_64.manylinux2014_x86_64.whl", hash = "sha256:6fcf06c69ccc78e32d9f28aa382ab2ab08bf54b696dbe00ee566808fdf05da7d"},
    {file = "orjson-3.9.9-cp38-cp38-musllinux_1_1_aarch64.whl", hash = "sha256:9a4402e7df1b5c9a4c71c7892e1c8f43f642371d13c73242bda5964be6231f95"},
    {file = "orjson-3.9.9-cp38-cp38-musllinux_1_1_x86_64.whl", hash = "sha256:b20becf50d4aec7114dc902b58d85c6431b3a59b04caa977e6ce67b6fee0e159"},
    {file = "orjson-3.9.9-cp38-none-win32.whl", hash = "sha256:1f352117eccac268a59fedac884b0518347f5e2b55b9f650c2463dd1e732eb61"},
    {file = "orjson-3.9.9-cp38-none-win_amd64.whl", hash = "sha256:c4eb31a8e8a5e1d9af5aa9e247c2a52ad5cf7e968aaa9aaefdff98cfcc7f2e37"},
    {file = "orjson-3.9.9-cp39-cp39-macosx_10_15_x86_64.macosx_11_0_arm64.macosx_10_15_universal2.whl", hash = "sha256:4a308aeac326c2bafbca9abbae1e1fcf682b06e78a54dad0347b760525838d85"},
    {file = "orjson-3.9.9-cp39-cp39-manylinux_2_17_aarch64.manylinux2014_aarch64.whl", hash = "sha256:e159b97f5676dcdac0d0f75ec856ef5851707f61d262851eb41a30e8fadad7c9"},
    {file = "orjson-3.9.9-cp39-cp39-manylinux_2_17_armv7l.manylinux2014_armv7l.whl", hash = "sha256:f692e7aabad92fa0fff5b13a846fb586b02109475652207ec96733a085019d80"},
    {file = "orjson-3.9.9-cp39-cp39-manylinux_2_17_ppc64le.manylinux2014_ppc64le.whl", hash = "sha256:cffb77cf0cd3cbf20eb603f932e0dde51b45134bdd2d439c9f57924581bb395b"},
    {file = "orjson-3.9.9-cp39-cp39-manylinux_2_17_s390x.manylinux2014_s390x.whl", hash = "sha256:c63eca397127ebf46b59c9c1fb77b30dd7a8fc808ac385e7a58a7e64bae6e106"},
    {file = "orjson-3.9.9-cp39-cp39-manylinux_2_17_x86_64.manylinux2014_x86_64.whl", hash = "sha256:06f0c024a75e8ba5d9101facb4fb5a028cdabe3cdfe081534f2a9de0d5062af2"},
    {file = "orjson-3.9.9-cp39-cp39-musllinux_1_1_aarch64.whl", hash = "sha256:8cba20c9815c2a003b8ca4429b0ad4aa87cb6649af41365821249f0fd397148e"},
    {file = "orjson-3.9.9-cp39-cp39-musllinux_1_1_x86_64.whl", hash = "sha256:906cac73b7818c20cf0f6a7dde5a6f009c52aecc318416c7af5ea37f15ca7e66"},
    {file = "orjson-3.9.9-cp39-none-win32.whl", hash = "sha256:50232572dd300c49f134838c8e7e0917f29a91f97dbd608d23f2895248464b7f"},
    {file = "orjson-3.9.9-cp39-none-win_amd64.whl", hash = "sha256:920814e02e3dd7af12f0262bbc18b9fe353f75a0d0c237f6a67d270da1a1bb44"},
    {file = "orjson-3.9.9.tar.gz", hash = "sha256:02e693843c2959befdd82d1ebae8b05ed12d1cb821605d5f9fe9f98ca5c9fd2b"},
]

[[package]]
name = "packaging"
version = "23.2"
description = "Core utilities for Python packages"
optional = false
python-versions = ">=3.7"
files = [
    {file = "packaging-23.2-py3-none-any.whl", hash = "sha256:8c491190033a9af7e1d931d0b5dacc2ef47509b34dd0de67ed209b5203fc88c7"},
    {file = "packaging-23.2.tar.gz", hash = "sha256:048fb0e9405036518eaaf48a55953c750c11e1a1b68e0dd1a9d62ed0c092cfc5"},
]

[[package]]
name = "pathspec"
version = "0.11.2"
description = "Utility library for gitignore style pattern matching of file paths."
optional = false
python-versions = ">=3.7"
files = [
    {file = "pathspec-0.11.2-py3-none-any.whl", hash = "sha256:1d6ed233af05e679efb96b1851550ea95bbb64b7c490b0f5aa52996c11e92a20"},
    {file = "pathspec-0.11.2.tar.gz", hash = "sha256:e0d8d0ac2f12da61956eb2306b69f9469b42f4deb0f3cb6ed47b9cce9996ced3"},
]

[[package]]
name = "platformdirs"
version = "3.11.0"
description = "A small Python package for determining appropriate platform-specific dirs, e.g. a \"user data dir\"."
optional = false
python-versions = ">=3.7"
files = [
    {file = "platformdirs-3.11.0-py3-none-any.whl", hash = "sha256:e9d171d00af68be50e9202731309c4e658fd8bc76f55c11c7dd760d023bda68e"},
    {file = "platformdirs-3.11.0.tar.gz", hash = "sha256:cf8ee52a3afdb965072dcc652433e0c7e3e40cf5ea1477cd4b3b1d2eb75495b3"},
]

[package.extras]
docs = ["furo (>=2023.7.26)", "proselint (>=0.13)", "sphinx (>=7.1.1)", "sphinx-autodoc-typehints (>=1.24)"]
test = ["appdirs (==1.4.4)", "covdefaults (>=2.3)", "pytest (>=7.4)", "pytest-cov (>=4.1)", "pytest-mock (>=3.11.1)"]

[[package]]
name = "pluggy"
version = "1.3.0"
description = "plugin and hook calling mechanisms for python"
optional = false
python-versions = ">=3.8"
files = [
    {file = "pluggy-1.3.0-py3-none-any.whl", hash = "sha256:d89c696a773f8bd377d18e5ecda92b7a3793cbe66c87060a6fb58c7b6e1061f7"},
    {file = "pluggy-1.3.0.tar.gz", hash = "sha256:cf61ae8f126ac6f7c451172cf30e3e43d3ca77615509771b3a984a0730651e12"},
]

[package.extras]
dev = ["pre-commit", "tox"]
testing = ["pytest", "pytest-benchmark"]

[[package]]
name = "pytest"
version = "7.4.2"
description = "pytest: simple powerful testing with Python"
optional = false
python-versions = ">=3.7"
files = [
    {file = "pytest-7.4.2-py3-none-any.whl", hash = "sha256:1d881c6124e08ff0a1bb75ba3ec0bfd8b5354a01c194ddd5a0a870a48d99b002"},
    {file = "pytest-7.4.2.tar.gz", hash = "sha256:a766259cfab564a2ad52cb1aae1b881a75c3eb7e34ca3779697c23ed47c47069"},
]

[package.dependencies]
colorama = {version = "*", markers = "sys_platform == \"win32\""}
exceptiongroup = {version = ">=1.0.0rc8", markers = "python_version < \"3.11\""}
iniconfig = "*"
packaging = "*"
pluggy = ">=0.12,<2.0"
tomli = {version = ">=1.0.0", markers = "python_version < \"3.11\""}

[package.extras]
testing = ["argcomplete", "attrs (>=19.2.0)", "hypothesis (>=3.56)", "mock", "nose", "pygments (>=2.7.2)", "requests", "setuptools", "xmlschema"]

[[package]]
name = "sniffio"
version = "1.3.0"
description = "Sniff out which async library your code is running under"
optional = false
python-versions = ">=3.7"
files = [
    {file = "sniffio-1.3.0-py3-none-any.whl", hash = "sha256:eecefdce1e5bbfb7ad2eeaabf7c1eeb404d7757c379bd1f7e5cce9d8bf425384"},
    {file = "sniffio-1.3.0.tar.gz", hash = "sha256:e60305c5e5d314f5389259b7f22aaa33d8f7dee49763119234af3755c55b9101"},
]

[[package]]
name = "starlette"
version = "0.31.1"
description = "The little ASGI library that shines."
optional = false
python-versions = ">=3.8"
files = [
    {file = "starlette-0.31.1-py3-none-any.whl", hash = "sha256:009fb98ecd551a55017d204f033c58b13abcd4719cb5c41503abbf6d260fde11"},
    {file = "starlette-0.31.1.tar.gz", hash = "sha256:a4dc2a3448fb059000868d7eb774dd71229261b6d49b6851e7849bec69c0a011"},
]

[package.dependencies]
anyio = ">=3.4.0,<5"

[package.extras]
full = ["httpx (>=0.22.0)", "itsdangerous", "jinja2", "python-multipart", "pyyaml"]

[[package]]
name = "tomli"
version = "2.0.1"
description = "A lil' TOML parser"
optional = false
python-versions = ">=3.7"
files = [
    {file = "tomli-2.0.1-py3-none-any.whl", hash = "sha256:939de3e7a6161af0c887ef91b7d41a53e7c5a1ca976325f429cb46ea9bc30ecc"},
    {file = "tomli-2.0.1.tar.gz", hash = "sha256:de526c12914f0c550d15924c62d72abc48d6fe7364aa87328337a31007fe8a4f"},
]

[[package]]
name = "typing-extensions"
version = "4.8.0"
description = "Backported and Experimental Type Hints for Python 3.8+"
optional = false
python-versions = ">=3.8"
files = [
    {file = "typing_extensions-4.8.0-py3-none-any.whl", hash = "sha256:8f92fc8806f9a6b641eaa5318da32b44d401efaac0f6678c9bc448ba3605faa0"},
    {file = "typing_extensions-4.8.0.tar.gz", hash = "sha256:df8e4339e9cb77357558cbdbceca33c303714cf861d1eef15e1070055ae8b7ef"},
]

[[package]]
name = "uvicorn"
version = "0.23.2"
description = "The lightning-fast ASGI server."
optional = false
python-versions = ">=3.8"
files = [
    {file = "uvicorn-0.23.2-py3-none-any.whl", hash = "sha256:1f9be6558f01239d4fdf22ef8126c39cb1ad0addf76c40e760549d2c2f43ab53"},
    {file = "uvicorn-0.23.2.tar.gz", hash = "sha256:4d3cc12d7727ba72b64d12d3cc7743124074c0a69f7b201512fc50c3e3f1569a"},
]

[package.dependencies]
click = ">=7.0"
h11 = ">=0.8"
typing-extensions = {version = ">=4.0", markers = "python_version < \"3.11\""}

[package.extras]
standard = ["colorama (>=0.4)", "httptools (>=0.5.0)", "python-dotenv (>=0.13)", "pyyaml (>=5.1)", "uvloop (>=0.14.0,!=0.15.0,!=0.15.1)", "watchfiles (>=0.13)", "websockets (>=10.4)"]

[metadata]
lock-version = "2.0"
python-versions = "^3.10"
content-hash = "73fd1b4429d2ab1fe34f4d26744b75be4bfd9b4c6b3e1d3e0ee8e7f9601b5f42"
